
Microsoft Visual Studio Solution File, Format Version 12.00
# Visual Studio Version 17
VisualStudioVersion = 17.9.34728.123
MinimumVisualStudioVersion = 10.0.40219.1
Project("{9A19103F-16F7-4668-BE54-9A1E7A4F7556}") = "FundooNotesApp", "FundooNotesApp\FundooNotesApp.csproj", "{09A14CA5-3EB0-48AB-BC9F-DBE66E9557E7}"
EndProject
Project("{FAE04EC0-301F-11D3-BF4B-00C04F79EFBC}") = "ModelLayer", "ModelLayer\ModelLayer.csproj", "{81C7ED3A-BD79-4CFC-9470-2DE61A298386}"
EndProject
Project("{FAE04EC0-301F-11D3-BF4B-00C04F79EFBC}") = "RepoLayer", "RepoLayer\RepoLayer.csproj", "{78215975-8AE3-4128-B53D-F278B83B831F}"
EndProject
Project("{FAE04EC0-301F-11D3-BF4B-00C04F79EFBC}") = "BusinessLayer", "BusinessLayer\BusinessLayer.csproj", "{81D3C259-C571-4B59-907B-8614C3540033}"
EndProject
Global
	GlobalSection(SolutionConfigurationPlatforms) = preSolution
		Debug|Any CPU = Debug|Any CPU
		Release|Any CPU = Release|Any CPU
	EndGlobalSection
	GlobalSection(ProjectConfigurationPlatforms) = postSolution
		{09A14CA5-3EB0-48AB-BC9F-DBE66E9557E7}.Debug|Any CPU.ActiveCfg = Debug|Any CPU
		{09A14CA5-3EB0-48AB-BC9F-DBE66E9557E7}.Debug|Any CPU.Build.0 = Debug|Any CPU
		{09A14CA5-3EB0-48AB-BC9F-DBE66E9557E7}.Release|Any CPU.ActiveCfg = Release|Any CPU
		{09A14CA5-3EB0-48AB-BC9F-DBE66E9557E7}.Release|Any CPU.Build.0 = Release|Any CPU
		{81C7ED3A-BD79-4CFC-9470-2DE61A298386}.Debug|Any CPU.ActiveCfg = Debug|Any CPU
		{81C7ED3A-BD79-4CFC-9470-2DE61A298386}.Debug|Any CPU.Build.0 = Debug|Any CPU
		{81C7ED3A-BD79-4CFC-9470-2DE61A298386}.Release|Any CPU.ActiveCfg = Release|Any CPU
		{81C7ED3A-BD79-4CFC-9470-2DE61A298386}.Release|Any CPU.Build.0 = Release|Any CPU
		{78215975-8AE3-4128-B53D-F278B83B831F}.Debug|Any CPU.ActiveCfg = Debug|Any CPU
		{78215975-8AE3-4128-B53D-F278B83B831F}.Debug|Any CPU.Build.0 = Debug|Any CPU
		{78215975-8AE3-4128-B53D-F278B83B831F}.Release|Any CPU.ActiveCfg = Release|Any CPU
		{78215975-8AE3-4128-B53D-F278B83B831F}.Release|Any CPU.Build.0 = Release|Any CPU
		{81D3C259-C571-4B59-907B-8614C3540033}.Debug|Any CPU.ActiveCfg = Debug|Any CPU
		{81D3C259-C571-4B59-907B-8614C3540033}.Debug|Any CPU.Build.0 = Debug|Any CPU
		{81D3C259-C571-4B59-907B-8614C3540033}.Release|Any CPU.ActiveCfg = Release|Any CPU
		{81D3C259-C571-4B59-907B-8614C3540033}.Release|Any CPU.Build.0 = Release|Any CPU
	EndGlobalSection
	GlobalSection(SolutionProperties) = preSolution
		HideSolutionNode = FALSE
	EndGlobalSection
	GlobalSection(ExtensibilityGlobals) = postSolution
		SolutionGuid = {FDDD63D2-F8C8-4D0D-84F7-B165F265D680}
	EndGlobalSection
EndGlobal
